
Microsoft Visual Studio Solution File, Format Version 12.00
# Visual Studio Version 17
VisualStudioVersion = 17.4.33213.308
MinimumVisualStudioVersion = 10.0.40219.1
Project("{FAE04EC0-301F-11D3-BF4B-00C04F79EFBC}") = "lib_repositorios", "lib_repositorios\lib_repositorios.csproj", "{A574E8D1-03DA-40EC-831F-BFAC9422433F}"
EndProject
Project("{FAE04EC0-301F-11D3-BF4B-00C04F79EFBC}") = "lib_entidades", "lib_entidades\lib_entidades.csproj", "{518F2A2D-A843-47FC-B088-F95690EC0F06}"
EndProject
Project("{FAE04EC0-301F-11D3-BF4B-00C04F79EFBC}") = "mst_pruebas", "mst_pruebas\mst_pruebas.csproj", "{A684004F-919A-414A-ADA8-53C763369831}"
EndProject
Global
	GlobalSection(SolutionConfigurationPlatforms) = preSolution
		Debug|Any CPU = Debug|Any CPU
		Release|Any CPU = Release|Any CPU
	EndGlobalSection
	GlobalSection(ProjectConfigurationPlatforms) = postSolution
		{A574E8D1-03DA-40EC-831F-BFAC9422433F}.Debug|Any CPU.ActiveCfg = Debug|Any CPU
		{A574E8D1-03DA-40EC-831F-BFAC9422433F}.Debug|Any CPU.Build.0 = Debug|Any CPU
		{A574E8D1-03DA-40EC-831F-BFAC9422433F}.Release|Any CPU.ActiveCfg = Release|Any CPU
		{A574E8D1-03DA-40EC-831F-BFAC9422433F}.Release|Any CPU.Build.0 = Release|Any CPU
		{518F2A2D-A843-47FC-B088-F95690EC0F06}.Debug|Any CPU.ActiveCfg = Debug|Any CPU
		{518F2A2D-A843-47FC-B088-F95690EC0F06}.Debug|Any CPU.Build.0 = Debug|Any CPU
		{518F2A2D-A843-47FC-B088-F95690EC0F06}.Release|Any CPU.ActiveCfg = Release|Any CPU
		{518F2A2D-A843-47FC-B088-F95690EC0F06}.Release|Any CPU.Build.0 = Release|Any CPU
		{A684004F-919A-414A-ADA8-53C763369831}.Debug|Any CPU.ActiveCfg = Debug|Any CPU
		{A684004F-919A-414A-ADA8-53C763369831}.Debug|Any CPU.Build.0 = Debug|Any CPU
		{A684004F-919A-414A-ADA8-53C763369831}.Release|Any CPU.ActiveCfg = Release|Any CPU
		{A684004F-919A-414A-ADA8-53C763369831}.Release|Any CPU.Build.0 = Release|Any CPU
	EndGlobalSection
	GlobalSection(SolutionProperties) = preSolution
		HideSolutionNode = FALSE
	EndGlobalSection
	GlobalSection(ExtensibilityGlobals) = postSolution
		SolutionGuid = {8942CC24-8BF4-403C-9891-BEC2AD9CCC24}
	EndGlobalSection
EndGlobal
